{
  "name": "firebase-database-modeler",
  "version": "1.0.5",
  "lockfileVersion": 1,
  "requires": true,
  "dependencies": {
    "@firebase/app-types": {
      "version": "0.6.1",
      "resolved": "https://registry.npmjs.org/@firebase/app-types/-/app-types-0.6.1.tgz",
      "integrity": "sha512-L/ZnJRAq7F++utfuoTKX4CLBG5YR7tFO3PLzG1/oXXKEezJ0kRL3CMRoueBEmTCzVb/6SIs2Qlaw++uDgi5Xyg=="
    },
    "@firebase/database-types": {
      "version": "0.5.2",
      "resolved": "https://registry.npmjs.org/@firebase/database-types/-/database-types-0.5.2.tgz",
      "integrity": "sha512-ap2WQOS3LKmGuVFKUghFft7RxXTyZTDr0Xd8y2aqmWsbJVjgozi0huL/EUMgTjGFrATAjcf2A7aNs8AKKZ2a8g==",
      "requires": {
        "@firebase/app-types": "0.6.1"
      }
    },
    "@firebase/logger": {
      "version": "0.2.6",
      "resolved": "https://registry.npmjs.org/@firebase/logger/-/logger-0.2.6.tgz",
      "integrity": "sha512-KIxcUvW/cRGWlzK9Vd2KB864HlUnCfdTH0taHE0sXW5Xl7+W68suaeau1oKNEqmc3l45azkd4NzXTCWZRZdXrw==",
      "dev": true
    },
    "typescript": {
      "version": "4.0.2",
      "resolved": "https://registry.npmjs.org/typescript/-/typescript-4.0.2.tgz",
      "integrity": "sha512-e4ERvRV2wb+rRZ/IQeb3jm2VxBsirQLpQhdxplZ2MEzGvDkkMmPglecnNDfSUBivMjP93vRbngYYDQqQ/78bcQ==",
      "dev": true
    }
  }
}
